// !$*UTF8*$!
{
	archiveVersion = 1;
	classes = {
	};
	objectVersion = 46;
	objects = {

/* Begin PBXBuildFile section */
		65DDC8611E074D74005C3827 /* AppDelegate.swift in Sources */ = {isa = PBXBuildFile; fileRef = 65DDC8601E074D74005C3827 /* AppDelegate.swift */; };
		65DDC8631E074D74005C3827 /* ViewController.swift in Sources */ = {isa = PBXBuildFile; fileRef = 65DDC8621E074D74005C3827 /* ViewController.swift */; };
		65DDC8661E074D74005C3827 /* Main.storyboard in Resources */ = {isa = PBXBuildFile; fileRef = 65DDC8641E074D74005C3827 /* Main.storyboard */; };
		65DDC8681E074D74005C3827 /* Assets.xcassets in Resources */ = {isa = PBXBuildFile; fileRef = 65DDC8671E074D74005C3827 /* Assets.xcassets */; };
		65DDC86B1E074D74005C3827 /* LaunchScreen.storyboard in Resources */ = {isa = PBXBuildFile; fileRef = 65DDC8691E074D74005C3827 /* LaunchScreen.storyboard */; };
		65DDC8761E074D75005C3827 /* GitHub_ConnectionTests.swift in Sources */ = {isa = PBXBuildFile; fileRef = 65DDC8751E074D75005C3827 /* GitHub_ConnectionTests.swift */; };
		65DDC8811E074D75005C3827 /* GitHub_ConnectionUITests.swift in Sources */ = {isa = PBXBuildFile; fileRef = 65DDC8801E074D75005C3827 /* GitHub_ConnectionUITests.swift */; };
/* End PBXBuildFile section */

/* Begin PBXContainerItemProxy section */
		65DDC8721E074D75005C3827 /* PBXContainerItemProxy */ = {
			isa = PBXContainerItemProxy;
			containerPortal = 65DDC8551E074D74005C3827 /* Project object */;
			proxyType = 1;
			remoteGlobalIDString = 65DDC85C1E074D74005C3827;
			remoteInfo = "GitHub Connection";
		};
		65DDC87D1E074D75005C3827 /* PBXContainerItemProxy */ = {
			isa = PBXContainerItemProxy;
			containerPortal = 65DDC8551E074D74005C3827 /* Project object */;
			proxyType = 1;
			remoteGlobalIDString = 65DDC85C1E074D74005C3827;
			remoteInfo = "GitHub Connection";
		};
/* End PBXContainerItemProxy section */

/* Begin PBXFileReference section */
		65DDC85D1E074D74005C3827 /* GitHub Connection.app */ = {isa = PBXFileReference; explicitFileType = wrapper.application; includeInIndex = 0; path = "GitHub Connection.app"; sourceTree = BUILT_PRODUCTS_DIR; };
		65DDC8601E074D74005C3827 /* AppDelegate.swift */ = {isa = PBXFileReference; lastKnownFileType = sourcecode.swift; path = AppDelegate.swift; sourceTree = "<group>"; };
		65DDC8621E074D74005C3827 /* ViewController.swift */ = {isa = PBXFileReference; lastKnownFileType = sourcecode.swift; path = ViewController.swift; sourceTree = "<group>"; };
		65DDC8651E074D74005C3827 /* Base */ = {isa = PBXFileReference; lastKnownFileType = file.storyboard; name = Base; path = Base.lproj/Main.storyboard; sourceTree = "<group>"; };
		65DDC8671E074D74005C3827 /* Assets.xcassets */ = {isa = PBXFileReference; lastKnownFileType = folder.assetcatalog; path = Assets.xcassets; sourceTree = "<group>"; };
		65DDC86A1E074D74005C3827 /* Base */ = {isa = PBXFileReference; lastKnownFileType = file.storyboard; name = Base; path = Base.lproj/LaunchScreen.storyboard; sourceTree = "<group>"; };
		65DDC86C1E074D74005C3827 /* Info.plist */ = {isa = PBXFileReference; lastKnownFileType = text.plist.xml; path = Info.plist; sourceTree = "<group>"; };
		65DDC8711E074D75005C3827 /* GitHub ConnectionTests.xctest */ = {isa = PBXFileReference; explicitFileType = wrapper.cfbundle; includeInIndex = 0; path = "GitHub ConnectionTests.xctest"; sourceTree = BUILT_PRODUCTS_DIR; };
		65DDC8751E074D75005C3827 /* GitHub_ConnectionTests.swift */ = {isa = PBXFileReference; lastKnownFileType = sourcecode.swift; path = GitHub_ConnectionTests.swift; sourceTree = "<group>"; };
		65DDC8771E074D75005C3827 /* Info.plist */ = {isa = PBXFileReference; lastKnownFileType = text.plist.xml; path = Info.plist; sourceTree = "<group>"; };
		65DDC87C1E074D75005C3827 /* GitHub ConnectionUITests.xctest */ = {isa = PBXFileReference; explicitFileType = wrapper.cfbundle; includeInIndex = 0; path = "GitHub ConnectionUITests.xctest"; sourceTree = BUILT_PRODUCTS_DIR; };
		65DDC8801E074D75005C3827 /* GitHub_ConnectionUITests.swift */ = {isa = PBXFileReference; lastKnownFileType = sourcecode.swift; path = GitHub_ConnectionUITests.swift; sourceTree = "<group>"; };
		65DDC8821E074D75005C3827 /* Info.plist */ = {isa = PBXFileReference; lastKnownFileType = text.plist.xml; path = Info.plist; sourceTree = "<group>"; };
/* End PBXFileReference section */

/* Begin PBXFrameworksBuildPhase section */
		65DDC85A1E074D74005C3827 /* Frameworks */ = {
			isa = PBXFrameworksBuildPhase;
			buildActionMask = 2147483647;
			files = (
			);
			runOnlyForDeploymentPostprocessing = 0;
		};
		65DDC86E1E074D75005C3827 /* Frameworks */ = {
			isa = PBXFrameworksBuildPhase;
			buildActionMask = 2147483647;
			files = (
			);
			runOnlyForDeploymentPostprocessing = 0;
		};
		65DDC8791E074D75005C3827 /* Frameworks */ = {
			isa = PBXFrameworksBuildPhase;
			buildActionMask = 2147483647;
			files = (
			);
			runOnlyForDeploymentPostprocessing = 0;
		};
/* End PBXFrameworksBuildPhase section */

/* Begin PBXGroup section */
		65DDC8541E074D74005C3827 = {
			isa = PBXGroup;
			children = (
				65DDC85F1E074D74005C3827 /* GitHub Connection */,
				65DDC8741E074D75005C3827 /* GitHub ConnectionTests */,
				65DDC87F1E074D75005C3827 /* GitHub ConnectionUITests */,
				65DDC85E1E074D74005C3827 /* Products */,
			);
			sourceTree = "<group>";
		};
		65DDC85E1E074D74005C3827 /* Products */ = {
			isa = PBXGroup;
			children = (
				65DDC85D1E074D74005C3827 /* GitHub Connection.app */,
				65DDC8711E074D75005C3827 /* GitHub ConnectionTests.xctest */,
				65DDC87C1E074D75005C3827 /* GitHub ConnectionUITests.xctest */,
			);
			name = Products;
			sourceTree = "<group>";
		};
		65DDC85F1E074D74005C3827 /* GitHub Connection */ = {
			isa = PBXGroup;
			children = (
				65DDC8601E074D74005C3827 /* AppDelegate.swift */,
				65DDC8621E074D74005C3827 /* ViewController.swift */,
				65DDC8641E074D74005C3827 /* Main.storyboard */,
				65DDC8671E074D74005C3827 /* Assets.xcassets */,
				65DDC8691E074D74005C3827 /* LaunchScreen.storyboard */,
				65DDC86C1E074D74005C3827 /* Info.plist */,
			);
			path = "GitHub Connection";
			sourceTree = "<group>";
		};
		65DDC8741E074D75005C3827 /* GitHub ConnectionTests */ = {
			isa = PBXGroup;
			children = (
				65DDC8751E074D75005C3827 /* GitHub_ConnectionTests.swift */,
				65DDC8771E074D75005C3827 /* Info.plist */,
			);
			path = "GitHub ConnectionTests";
			sourceTree = "<group>";
		};
		65DDC87F1E074D75005C3827 /* GitHub ConnectionUITests */ = {
			isa = PBXGroup;
			children = (
				65DDC8801E074D75005C3827 /* GitHub_ConnectionUITests.swift */,
				65DDC8821E074D75005C3827 /* Info.plist */,
			);
			path = "GitHub ConnectionUITests";
			sourceTree = "<group>";
		};
/* End PBXGroup section */

/* Begin PBXNativeTarget section */
		65DDC85C1E074D74005C3827 /* GitHub Connection */ = {
			isa = PBXNativeTarget;
			buildConfigurationList = 65DDC8851E074D75005C3827 /* Build configuration list for PBXNativeTarget "GitHub Connection" */;
			buildPhases = (
				65DDC8591E074D74005C3827 /* Sources */,
				65DDC85A1E074D74005C3827 /* Frameworks */,
				65DDC85B1E074D74005C3827 /* Resources */,
			);
			buildRules = (
			);
			dependencies = (
			);
			name = "GitHub Connection";
			productName = "GitHub Connection";
			productReference = 65DDC85D1E074D74005C3827 /* GitHub Connection.app */;
			productType = "com.apple.product-type.application";
		};
		65DDC8701E074D75005C3827 /* GitHub ConnectionTests */ = {
			isa = PBXNativeTarget;
			buildConfigurationList = 65DDC8881E074D75005C3827 /* Build configuration list for PBXNativeTarget "GitHub ConnectionTests" */;
			buildPhases = (
				65DDC86D1E074D75005C3827 /* Sources */,
				65DDC86E1E074D75005C3827 /* Frameworks */,
				65DDC86F1E074D75005C3827 /* Resources */,
			);
			buildRules = (
			);
			dependencies = (
				65DDC8731E074D75005C3827 /* PBXTargetDependency */,
			);
			name = "GitHub ConnectionTests";
			productName = "GitHub ConnectionTests";
			productReference = 65DDC8711E074D75005C3827 /* GitHub ConnectionTests.xctest */;
			productType = "com.apple.product-type.bundle.unit-test";
		};
		65DDC87B1E074D75005C3827 /* GitHub ConnectionUITests */ = {
			isa = PBXNativeTarget;
			buildConfigurationList = 65DDC88B1E074D75005C3827 /* Build configuration list for PBXNativeTarget "GitHub ConnectionUITests" */;
			buildPhases = (
				65DDC8781E074D75005C3827 /* Sources */,
				65DDC8791E074D75005C3827 /* Frameworks */,
				65DDC87A1E074D75005C3827 /* Resources */,
			);
			buildRules = (
			);
			dependencies = (
				65DDC87E1E074D75005C3827 /* PBXTargetDependency */,
			);
			name = "GitHub ConnectionUITests";
			productName = "GitHub ConnectionUITests";
			productReference = 65DDC87C1E074D75005C3827 /* GitHub ConnectionUITests.xctest */;
			productType = "com.apple.product-type.bundle.ui-testing";
		};
/* End PBXNativeTarget section */

/* Begin PBXProject section */
		65DDC8551E074D74005C3827 /* Project object */ = {
			isa = PBXProject;
			attributes = {
				LastSwiftUpdateCheck = 0820;
				LastUpgradeCheck = 0820;
				ORGANIZATIONNAME = "Daniel Rodriguez";
				TargetAttributes = {
					65DDC85C1E074D74005C3827 = {
						CreatedOnToolsVersion = 8.2;
						ProvisioningStyle = Automatic;
					};
					65DDC8701E074D75005C3827 = {
						CreatedOnToolsVersion = 8.2;
						ProvisioningStyle = Automatic;
						TestTargetID = 65DDC85C1E074D74005C3827;
					};
					65DDC87B1E074D75005C3827 = {
						CreatedOnToolsVersion = 8.2;
						ProvisioningStyle = Automatic;
						TestTargetID = 65DDC85C1E074D74005C3827;
					};
				};
			};
			buildConfigurationList = 65DDC8581E074D74005C3827 /* Build configuration list for PBXProject "GitHub Connection" */;
			compatibilityVersion = "Xcode 3.2";
			developmentRegion = English;
			hasScannedForEncodings = 0;
			knownRegions = (
				en,
				Base,
			);
			mainGroup = 65DDC8541E074D74005C3827;
			productRefGroup = 65DDC85E1E074D74005C3827 /* Products */;
			projectDirPath = "";
			projectRoot = "";
			targets = (
				65DDC85C1E074D74005C3827 /* GitHub Connection */,
				65DDC8701E074D75005C3827 /* GitHub ConnectionTests */,
				65DDC87B1E074D75005C3827 /* GitHub ConnectionUITests */,
			);
		};
/* End PBXProject section */

/* Begin PBXResourcesBuildPhase section */
		65DDC85B1E074D74005C3827 /* Resources */ = {
			isa = PBXResourcesBuildPhase;
			buildActionMask = 2147483647;
			files = (
				65DDC86B1E074D74005C3827 /* LaunchScreen.storyboard in Resources */,
				65DDC8681E074D74005C3827 /* Assets.xcassets in Resources */,
				65DDC8661E074D74005C3827 /* Main.storyboard in Resources */,
			);
			runOnlyForDeploymentPostprocessing = 0;
		};
		65DDC86F1E074D75005C3827 /* Resources */ = {
			isa = PBXResourcesBuildPhase;
			buildActionMask = 2147483647;
			files = (
			);
			runOnlyForDeploymentPostprocessing = 0;
		};
		65DDC87A1E074D75005C3827 /* Resources */ = {
			isa = PBXResourcesBuildPhase;
			buildActionMask = 2147483647;
			files = (
			);
			runOnlyForDeploymentPostprocessing = 0;
		};
/* End PBXResourcesBuildPhase section */

/* Begin PBXSourcesBuildPhase section */
		65DDC8591E074D74005C3827 /* Sources */ = {
			isa = PBXSourcesBuildPhase;
			buildActionMask = 2147483647;
			files = (
				65DDC8631E074D74005C3827 /* ViewController.swift in Sources */,
				65DDC8611E074D74005C3827 /* AppDelegate.swift in Sources */,
			);
			runOnlyForDeploymentPostprocessing = 0;
		};
		65DDC86D1E074D75005C3827 /* Sources */ = {
			isa = PBXSourcesBuildPhase;
			buildActionMask = 2147483647;
			files = (
				65DDC8761E074D75005C3827 /* GitHub_ConnectionTests.swift in Sources */,
			);
			runOnlyForDeploymentPostprocessing = 0;
		};
		65DDC8781E074D75005C3827 /* Sources */ = {
			isa = PBXSourcesBuildPhase;
			buildActionMask = 2147483647;
			files = (
				65DDC8811E074D75005C3827 /* GitHub_ConnectionUITests.swift in Sources */,
			);
			runOnlyForDeploymentPostprocessing = 0;
		};
/* End PBXSourcesBuildPhase section */

/* Begin PBXTargetDependency section */
		65DDC8731E074D75005C3827 /* PBXTargetDependency */ = {
			isa = PBXTargetDependency;
			target = 65DDC85C1E074D74005C3827 /* GitHub Connection */;
			targetProxy = 65DDC8721E074D75005C3827 /* PBXContainerItemProxy */;
		};
		65DDC87E1E074D75005C3827 /* PBXTargetDependency */ = {
			isa = PBXTargetDependency;
			target = 65DDC85C1E074D74005C3827 /* GitHub Connection */;
			targetProxy = 65DDC87D1E074D75005C3827 /* PBXContainerItemProxy */;
		};
/* End PBXTargetDependency section */

/* Begin PBXVariantGroup section */
		65DDC8641E074D74005C3827 /* Main.storyboard */ = {
			isa = PBXVariantGroup;
			children = (
				65DDC8651E074D74005C3827 /* Base */,
			);
			name = Main.storyboard;
			sourceTree = "<group>";
		};
		65DDC8691E074D74005C3827 /* LaunchScreen.storyboard */ = {
			isa = PBXVariantGroup;
			children = (
				65DDC86A1E074D74005C3827 /* Base */,
			);
			name = LaunchScreen.storyboard;
			sourceTree = "<group>";
		};
/* End PBXVariantGroup section */

/* Begin XCBuildConfiguration section */
		65DDC8831E074D75005C3827 /* Debug */ = {
			isa = XCBuildConfiguration;
			buildSettings = {
				ALWAYS_SEARCH_USER_PATHS = NO;
				CLANG_ANALYZER_NONNULL = YES;
				CLANG_CXX_LANGUAGE_STANDARD = "gnu++0x";
				CLANG_CXX_LIBRARY = "libc++";
				CLANG_ENABLE_MODULES = YES;
				CLANG_ENABLE_OBJC_ARC = YES;
				CLANG_WARN_BOOL_CONVERSION = YES;
				CLANG_WARN_CONSTANT_CONVERSION = YES;
				CLANG_WARN_DIRECT_OBJC_ISA_USAGE = YES_ERROR;
				CLANG_WARN_DOCUMENTATION_COMMENTS = YES;
				CLANG_WARN_EMPTY_BODY = YES;
				CLANG_WARN_ENUM_CONVERSION = YES;
				CLANG_WARN_INFINITE_RECURSION = YES;
				CLANG_WARN_INT_CONVERSION = YES;
				CLANG_WARN_OBJC_ROOT_CLASS = YES_ERROR;
				CLANG_WARN_SUSPICIOUS_MOVE = YES;
				CLANG_WARN_UNREACHABLE_CODE = YES;
				CLANG_WARN__DUPLICATE_METHOD_MATCH = YES;
				"CODE_SIGN_IDENTITY[sdk=iphoneos*]" = "iPhone Developer";
				COPY_PHASE_STRIP = NO;
				DEBUG_INFORMATION_FORMAT = dwarf;
				ENABLE_STRICT_OBJC_MSGSEND = YES;
				ENABLE_TESTABILITY = YES;
				GCC_C_LANGUAGE_STANDARD = gnu99;
				GCC_DYNAMIC_NO_PIC = NO;
				GCC_NO_COMMON_BLOCKS = YES;
				GCC_OPTIMIZATION_LEVEL = 0;
				GCC_PREPROCESSOR_DEFINITIONS = (
					"DEBUG=1",
					"$(inherited)",
				);
				GCC_WARN_64_TO_32_BIT_CONVERSION = YES;
				GCC_WARN_ABOUT_RETURN_TYPE = YES_ERROR;
				GCC_WARN_UNDECLARED_SELECTOR = YES;
				GCC_WARN_UNINITIALIZED_AUTOS = YES_AGGRESSIVE;
				GCC_WARN_UNUSED_FUNCTION = YES;
				GCC_WARN_UNUSED_VARIABLE = YES;
				IPHONEOS_DEPLOYMENT_TARGET = 10.2;
				MTL_ENABLE_DEBUG_INFO = YES;
				ONLY_ACTIVE_ARCH = YES;
				SDKROOT = iphoneos;
				SWIFT_ACTIVE_COMPILATION_CONDITIONS = DEBUG;
				SWIFT_OPTIMIZATION_LEVEL = "-Onone";
				TARGETED_DEVICE_FAMILY = "1,2";
			};
			name = Debug;
		};
		65DDC8841E074D75005C3827 /* Release */ = {
			isa = XCBuildConfiguration;
			buildSettings = {
				ALWAYS_SEARCH_USER_PATHS = NO;
				CLANG_ANALYZER_NONNULL = YES;
				CLANG_CXX_LANGUAGE_STANDARD = "gnu++0x";
				CLANG_CXX_LIBRARY = "libc++";
				CLANG_ENABLE_MODULES = YES;
				CLANG_ENABLE_OBJC_ARC = YES;
				CLANG_WARN_BOOL_CONVERSION = YES;
				CLANG_WARN_CONSTANT_CONVERSION = YES;
				CLANG_WARN_DIRECT_OBJC_ISA_USAGE = YES_ERROR;
				CLANG_WARN_DOCUMENTATION_COMMENTS = YES;
				CLANG_WARN_EMPTY_BODY = YES;
				CLANG_WARN_ENUM_CONVERSION = YES;
				CLANG_WARN_INFINITE_RECURSION = YES;
				CLANG_WARN_INT_CONVERSION = YES;
				CLANG_WARN_OBJC_ROOT_CLASS = YES_ERROR;
				CLANG_WARN_SUSPICIOUS_MOVE = YES;
				CLANG_WARN_UNREACHABLE_CODE = YES;
				CLANG_WARN__DUPLICATE_METHOD_MATCH = YES;
				"CODE_SIGN_IDENTITY[sdk=iphoneos*]" = "iPhone Developer";
				COPY_PHASE_STRIP = NO;
				DEBUG_INFORMATION_FORMAT = "dwarf-with-dsym";
				ENABLE_NS_ASSERTIONS = NO;
				ENABLE_STRICT_OBJC_MSGSEND = YES;
				GCC_C_LANGUAGE_STANDARD = gnu99;
				GCC_NO_COMMON_BLOCKS = YES;
				GCC_WARN_64_TO_32_BIT_CONVERSION = YES;
				GCC_WARN_ABOUT_RETURN_TYPE = YES_ERROR;
				GCC_WARN_UNDECLARED_SELECTOR = YES;
				GCC_WARN_UNINITIALIZED_AUTOS = YES_AGGRESSIVE;
				GCC_WARN_UNUSED_FUNCTION = YES;
				GCC_WARN_UNUSED_VARIABLE = YES;
				IPHONEOS_DEPLOYMENT_TARGET = 10.2;
				MTL_ENABLE_DEBUG_INFO = NO;
				SDKROOT = iphoneos;
				SWIFT_OPTIMIZATION_LEVEL = "-Owholemodule";
				TARGETED_DEVICE_FAMILY = "1,2";
				VALIDATE_PRODUCT = YES;
			};
			name = Release;
		};
		65DDC8861E074D75005C3827 /* Debug */ = {
			isa = XCBuildConfiguration;
			buildSettings = {
				ASSETCATALOG_COMPILER_APPICON_NAME = AppIcon;
				INFOPLIST_FILE = "GitHub Connection/Info.plist";
				LD_RUNPATH_SEARCH_PATHS = "$(inherited) @executable_path/Frameworks";
				PRODUCT_BUNDLE_IDENTIFIER = "rodriguez.daniel.GitHub-Connection";
				PRODUCT_NAME = "$(TARGET_NAME)";
				SWIFT_VERSION = 3.0;
			};
			name = Debug;
		};
		65DDC8871E074D75005C3827 /* Release */ = {
			isa = XCBuildConfiguration;
			buildSettings = {
				ASSETCATALOG_COMPILER_APPICON_NAME = AppIcon;
				INFOPLIST_FILE = "GitHub Connection/Info.plist";
				LD_RUNPATH_SEARCH_PATHS = "$(inherited) @executable_path/Frameworks";
				PRODUCT_BUNDLE_IDENTIFIER = "rodriguez.daniel.GitHub-Connection";
				PRODUCT_NAME = "$(TARGET_NAME)";
				SWIFT_VERSION = 3.0;
			};
			name = Release;
		};
		65DDC8891E074D75005C3827 /* Debug */ = {
			isa = XCBuildConfiguration;
			buildSettings = {
				ALWAYS_EMBED_SWIFT_STANDARD_LIBRARIES = YES;
				BUNDLE_LOADER = "$(TEST_HOST)";
				INFOPLIST_FILE = "GitHub ConnectionTests/Info.plist";
				LD_RUNPATH_SEARCH_PATHS = "$(inherited) @executable_path/Frameworks @loader_path/Frameworks";
				PRODUCT_BUNDLE_IDENTIFIER = "rodriguez.daniel.GitHub-ConnectionTests";
				PRODUCT_NAME = "$(TARGET_NAME)";
				SWIFT_VERSION = 3.0;
				TEST_HOST = "$(BUILT_PRODUCTS_DIR)/GitHub Connection.app/GitHub Connection";
			};
			name = Debug;
		};
		65DDC88A1E074D75005C3827 /* Release */ = {
			isa = XCBuildConfiguration;
			buildSettings = {
				ALWAYS_EMBED_SWIFT_STANDARD_LIBRARIES = YES;
				BUNDLE_LOADER = "$(TEST_HOST)";
				INFOPLIST_FILE = "GitHub ConnectionTests/Info.plist";
				LD_RUNPATH_SEARCH_PATHS = "$(inherited) @executable_path/Frameworks @loader_path/Frameworks";
				PRODUCT_BUNDLE_IDENTIFIER = "rodriguez.daniel.GitHub-ConnectionTests";
				PRODUCT_NAME = "$(TARGET_NAME)";
				SWIFT_VERSION = 3.0;
				TEST_HOST = "$(BUILT_PRODUCTS_DIR)/GitHub Connection.app/GitHub Connection";
			};
			name = Release;
		};
		65DDC88C1E074D75005C3827 /* Debug */ = {
			isa = XCBuildConfiguration;
			buildSettings = {
				ALWAYS_EMBED_SWIFT_STANDARD_LIBRARIES = YES;
				INFOPLIST_FILE = "GitHub ConnectionUITests/Info.plist";
				LD_RUNPATH_SEARCH_PATHS = "$(inherited) @executable_path/Frameworks @loader_path/Frameworks";
				PRODUCT_BUNDLE_IDENTIFIER = "rodriguez.daniel.GitHub-ConnectionUITests";
				PRODUCT_NAME = "$(TARGET_NAME)";
				SWIFT_VERSION = 3.0;
				TEST_TARGET_NAME = "GitHub Connection";
			};
			name = Debug;
		};
		65DDC88D1E074D75005C3827 /* Release */ = {
			isa = XCBuildConfiguration;
			buildSettings = {
				ALWAYS_EMBED_SWIFT_STANDARD_LIBRARIES = YES;
				INFOPLIST_FILE = "GitHub ConnectionUITests/Info.plist";
				LD_RUNPATH_SEARCH_PATHS = "$(inherited) @executable_path/Frameworks @loader_path/Frameworks";
				PRODUCT_BUNDLE_IDENTIFIER = "rodriguez.daniel.GitHub-ConnectionUITests";
				PRODUCT_NAME = "$(TARGET_NAME)";
				SWIFT_VERSION = 3.0;
				TEST_TARGET_NAME = "GitHub Connection";
			};
			name = Release;
		};
/* End XCBuildConfiguration section */

/* Begin XCConfigurationList section */
		65DDC8581E074D74005C3827 /* Build configuration list for PBXProject "GitHub Connection" */ = {
			isa = XCConfigurationList;
			buildConfigurations = (
				65DDC8831E074D75005C3827 /* Debug */,
				65DDC8841E074D75005C3827 /* Release */,
			);
			defaultConfigurationIsVisible = 0;
			defaultConfigurationName = Release;
		};
		65DDC8851E074D75005C3827 /* Build configuration list for PBXNativeTarget "GitHub Connection" */ = {
			isa = XCConfigurationList;
			buildConfigurations = (
				65DDC8861E074D75005C3827 /* Debug */,
				65DDC8871E074D75005C3827 /* Release */,
			);
			defaultConfigurationIsVisible = 0;
		};
		65DDC8881E074D75005C3827 /* Build configuration list for PBXNativeTarget "GitHub ConnectionTests" */ = {
			isa = XCConfigurationList;
			buildConfigurations = (
				65DDC8891E074D75005C3827 /* Debug */,
				65DDC88A1E074D75005C3827 /* Release */,
			);
			defaultConfigurationIsVisible = 0;
		};
		65DDC88B1E074D75005C3827 /* Build configuration list for PBXNativeTarget "GitHub ConnectionUITests" */ = {
			isa = XCConfigurationList;
			buildConfigurations = (
				65DDC88C1E074D75005C3827 /* Debug */,
				65DDC88D1E074D75005C3827 /* Release */,
			);
			defaultConfigurationIsVisible = 0;
		};
/* End XCConfigurationList section */
	};
	rootObject = 65DDC8551E074D74005C3827 /* Project object */;
}
